
Microsoft Visual Studio Solution File, Format Version 12.00
# Visual Studio Version 17
VisualStudioVersion = 17.10.35122.118
MinimumVisualStudioVersion = 10.0.40219.1
Project("{9A19103F-16F7-4668-BE54-9A1E7A4F7556}") = "EmailService", "EmailService\EmailService.csproj", "{0EEC1B63-A0DA-46F4-B938-864DFF09F14C}"
EndProject
Project("{2150E333-8FDC-42A3-9474-1A3956D46DE8}") = "BLL", "BLL", "{F2428EFA-9150-414A-99E0-7BF7A79CB9B7}"
EndProject
Project("{2150E333-8FDC-42A3-9474-1A3956D46DE8}") = "Common", "Common", "{3FEB20EC-79E4-4EF9-BAA8-FCCC9740B88C}"
EndProject
Project("{9A19103F-16F7-4668-BE54-9A1E7A4F7556}") = "EmailService.Contracts", "EmailService.Contracts\EmailService.Contracts.csproj", "{B4474E61-F895-43E8-B3DE-ED4F00EC1B21}"
EndProject
Project("{9A19103F-16F7-4668-BE54-9A1E7A4F7556}") = "EmailService.Api", "EmailService.Api\EmailService.Api.csproj", "{979F28C4-1476-4F32-A8FD-82C499183B9A}"
EndProject
Global
	GlobalSection(SolutionConfigurationPlatforms) = preSolution
		Debug|Any CPU = Debug|Any CPU
		Release|Any CPU = Release|Any CPU
	EndGlobalSection
	GlobalSection(ProjectConfigurationPlatforms) = postSolution
		{0EEC1B63-A0DA-46F4-B938-864DFF09F14C}.Debug|Any CPU.ActiveCfg = Debug|Any CPU
		{0EEC1B63-A0DA-46F4-B938-864DFF09F14C}.Debug|Any CPU.Build.0 = Debug|Any CPU
		{0EEC1B63-A0DA-46F4-B938-864DFF09F14C}.Release|Any CPU.ActiveCfg = Release|Any CPU
		{0EEC1B63-A0DA-46F4-B938-864DFF09F14C}.Release|Any CPU.Build.0 = Release|Any CPU
		{B4474E61-F895-43E8-B3DE-ED4F00EC1B21}.Debug|Any CPU.ActiveCfg = Debug|Any CPU
		{B4474E61-F895-43E8-B3DE-ED4F00EC1B21}.Debug|Any CPU.Build.0 = Debug|Any CPU
		{B4474E61-F895-43E8-B3DE-ED4F00EC1B21}.Release|Any CPU.ActiveCfg = Release|Any CPU
		{B4474E61-F895-43E8-B3DE-ED4F00EC1B21}.Release|Any CPU.Build.0 = Release|Any CPU
		{979F28C4-1476-4F32-A8FD-82C499183B9A}.Debug|Any CPU.ActiveCfg = Debug|Any CPU
		{979F28C4-1476-4F32-A8FD-82C499183B9A}.Debug|Any CPU.Build.0 = Debug|Any CPU
		{979F28C4-1476-4F32-A8FD-82C499183B9A}.Release|Any CPU.ActiveCfg = Release|Any CPU
		{979F28C4-1476-4F32-A8FD-82C499183B9A}.Release|Any CPU.Build.0 = Release|Any CPU
	EndGlobalSection
	GlobalSection(SolutionProperties) = preSolution
		HideSolutionNode = FALSE
	EndGlobalSection
	GlobalSection(NestedProjects) = preSolution
		{B4474E61-F895-43E8-B3DE-ED4F00EC1B21} = {3FEB20EC-79E4-4EF9-BAA8-FCCC9740B88C}
	EndGlobalSection
	GlobalSection(ExtensibilityGlobals) = postSolution
		SolutionGuid = {0BCF1931-2700-477F-B7FD-BFE1916CB401}
	EndGlobalSection
EndGlobal
